{
  "nodes": {
    "nixpkgs": {
      "locked": {
        "lastModified": 1789542786,
        "narHash": "sha256-ajQuqcxnj6RYnwCjA/9FTCnrdR2+BDzstE8UembXf60=",
        "owner": "NixOS",
        "repo": "nixpkgs",
        "rev": "4c7870105e7f1fdf9c48688c8d7efc21abf0688a",
        "type": "github"
      },
      "original": {
        "owner": "NixOS",
        "ref": "nixos-26.05",
        "repo": "nixpkgs",
        "type": "github"
      }
    },
    "qcommon": {
      "inputs": {
        "nixpkgs": [
          "nixpkgs"
        ]
      },
      "locked": {
        "lastModified": 1790498894,
        "narHash": "sha256-1xlzF7gL7BX2EP1R1njFnAk02gthJa9qbeZh9wnd2lk=",
        "owner": "porl",
        "repo": "qcommon",
        "rev": "8e930ada783075a55b294a3037affbddf4f2b5cf",
        "type": "github"
      },
      "original": {
        "owner": "porl",
        "repo": "qcommon",
        "type": "github"
      }
    },
    "root": {
      "inputs": {
        "nixpkgs": "nixpkgs",
        "qcommon": "qcommon"
      }
    }
  },
  "root": "root",
  "version": 7
}
