{
  "nodes": {
    "nixpkgs": {
      "locked": {
        "lastModified": 1789542786,
        "narHash": "sha256-ajQuqcxnj6RYnwCjA/9FTCnrdR2+BDzstE8UembXf60=",
        "owner": "NixOS",
        "repo": "nixpkgs",
        "rev": "4c7870105e7f1fdf9c48688c8d7efc21abf0688a",
        "type": "github"
      },
      "original": {
        "owner": "NixOS",
        "ref": "nixos-26.05",
        "repo": "nixpkgs",
        "type": "github"
      }
    },
    "qcommon": {
      "inputs": {
        "nixpkgs": [
          "nixpkgs"
        ]
      },
      "locked": {
        "lastModified": 1790223475,
        "narHash": "sha256-ErTy8IgEIKjTnUti/u+xmYjWRCBSTLxIUIAP6JYFhaQ=",
        "owner": "porl",
        "repo": "qcommon",
        "rev": "e8ccdc6592ae724515cc4688f62855d313454374",
        "type": "github"
      },
      "original": {
        "owner": "porl",
        "repo": "qcommon",
        "type": "github"
      }
    },
    "root": {
      "inputs": {
        "nixpkgs": "nixpkgs",
        "qcommon": "qcommon"
      }
    }
  },
  "root": "root",
  "version": 7
}
